// !$*UTF8*$!
{
	archiveVersion = 1;
	classes = {
	};
	objectVersion = 46;
	objects = {

/* Begin PBXBuildFile section */
		2178BB451933154100C06B84 /* Foundation.framework in Frameworks */ = {isa = PBXBuildFile; fileRef = 2178BB441933154100C06B84 /* Foundation.framework */; };
		2178BB471933154100C06B84 /* CoreGraphics.framework in Frameworks */ = {isa = PBXBuildFile; fileRef = 2178BB461933154100C06B84 /* CoreGraphics.framework */; };
		2178BB491933154100C06B84 /* UIKit.framework in Frameworks */ = {isa = PBXBuildFile; fileRef = 2178BB481933154100C06B84 /* UIKit.framework */; };
		2178BB4F1933154100C06B84 /* InfoPlist.strings in Resources */ = {isa = PBXBuildFile; fileRef = 2178BB4D1933154100C06B84 /* InfoPlist.strings */; };
		2178BB511933154100C06B84 /* main.m in Sources */ = {isa = PBXBuildFile; fileRef = 2178BB501933154100C06B84 /* main.m */; };
		2178BB551933154100C06B84 /* AppDelegate.m in Sources */ = {isa = PBXBuildFile; fileRef = 2178BB541933154100C06B84 /* AppDelegate.m */; };
		2178BB571933154100C06B84 /* Images.xcassets in Resources */ = {isa = PBXBuildFile; fileRef = 2178BB561933154100C06B84 /* Images.xcassets */; };
		2178BB5E1933154100C06B84 /* XCTest.framework in Frameworks */ = {isa = PBXBuildFile; fileRef = 2178BB5D1933154100C06B84 /* XCTest.framework */; };
		2178BB5F1933154100C06B84 /* Foundation.framework in Frameworks */ = {isa = PBXBuildFile; fileRef = 2178BB441933154100C06B84 /* Foundation.framework */; };
		2178BB601933154100C06B84 /* UIKit.framework in Frameworks */ = {isa = PBXBuildFile; fileRef = 2178BB481933154100C06B84 /* UIKit.framework */; };
		2178BB681933154100C06B84 /* InfoPlist.strings in Resources */ = {isa = PBXBuildFile; fileRef = 2178BB661933154100C06B84 /* InfoPlist.strings */; };
		2178BB6A1933154100C06B84 /* CustomScrollViewContainerTests.m in Sources */ = {isa = PBXBuildFile; fileRef = 2178BB691933154100C06B84 /* CustomScrollViewContainerTests.m */; };
		2178BB771933160100C06B84 /* rootViewController.m in Sources */ = {isa = PBXBuildFile; fileRef = 2178BB761933160100C06B84 /* rootViewController.m */; };
		2178BB7A1933166700C06B84 /* CustomScrollView.m in Sources */ = {isa = PBXBuildFile; fileRef = 2178BB791933166700C06B84 /* CustomScrollView.m */; };
		2178BB7D1933187300C06B84 /* CustomViewController.m in Sources */ = {isa = PBXBuildFile; fileRef = 2178BB7C1933187300C06B84 /* CustomViewController.m */; };
/* End PBXBuildFile section */

/* Begin PBXContainerItemProxy section */
		2178BB611933154100C06B84 /* PBXContainerItemProxy */ = {
			isa = PBXContainerItemProxy;
			containerPortal = 2178BB391933154100C06B84 /* Project object */;
			proxyType = 1;
			remoteGlobalIDString = 2178BB401933154100C06B84;
			remoteInfo = CustomScrollViewContainer;
		};
/* End PBXContainerItemProxy section */

/* Begin PBXFileReference section */
		2178BB411933154100C06B84 /* CustomScrollViewContainer.app */ = {isa = PBXFileReference; explicitFileType = wrapper.application; includeInIndex = 0; path = CustomScrollViewContainer.app; sourceTree = BUILT_PRODUCTS_DIR; };
		2178BB441933154100C06B84 /* Foundation.framework */ = {isa = PBXFileReference; lastKnownFileType = wrapper.framework; name = Foundation.framework; path = System/Library/Frameworks/Foundation.framework; sourceTree = SDKROOT; };
		2178BB461933154100C06B84 /* CoreGraphics.framework */ = {isa = PBXFileReference; lastKnownFileType = wrapper.framework; name = CoreGraphics.framework; path = System/Library/Frameworks/CoreGraphics.framework; sourceTree = SDKROOT; };
		2178BB481933154100C06B84 /* UIKit.framework */ = {isa = PBXFileReference; lastKnownFileType = wrapper.framework; name = UIKit.framework; path = System/Library/Frameworks/UIKit.framework; sourceTree = SDKROOT; };
		2178BB4C1933154100C06B84 /* CustomScrollViewContainer-Info.plist */ = {isa = PBXFileReference; lastKnownFileType = text.plist.xml; path = "CustomScrollViewContainer-Info.plist"; sourceTree = "<group>"; };
		2178BB4E1933154100C06B84 /* en */ = {isa = PBXFileReference; lastKnownFileType = text.plist.strings; name = en; path = en.lproj/InfoPlist.strings; sourceTree = "<group>"; };
		2178BB501933154100C06B84 /* main.m */ = {isa = PBXFileReference; lastKnownFileType = sourcecode.c.objc; path = main.m; sourceTree = "<group>"; };
		2178BB521933154100C06B84 /* CustomScrollViewContainer-Prefix.pch */ = {isa = PBXFileReference; lastKnownFileType = sourcecode.c.h; path = "CustomScrollViewContainer-Prefix.pch"; sourceTree = "<group>"; };
		2178BB531933154100C06B84 /* AppDelegate.h */ = {isa = PBXFileReference; lastKnownFileType = sourcecode.c.h; path = AppDelegate.h; sourceTree = "<group>"; };
		2178BB541933154100C06B84 /* AppDelegate.m */ = {isa = PBXFileReference; lastKnownFileType = sourcecode.c.objc; path = AppDelegate.m; sourceTree = "<group>"; };
		2178BB561933154100C06B84 /* Images.xcassets */ = {isa = PBXFileReference; lastKnownFileType = folder.assetcatalog; path = Images.xcassets; sourceTree = "<group>"; };
		2178BB5C1933154100C06B84 /* CustomScrollViewContainerTests.xctest */ = {isa = PBXFileReference; explicitFileType = wrapper.cfbundle; includeInIndex = 0; path = CustomScrollViewContainerTests.xctest; sourceTree = BUILT_PRODUCTS_DIR; };
		2178BB5D1933154100C06B84 /* XCTest.framework */ = {isa = PBXFileReference; lastKnownFileType = wrapper.framework; name = XCTest.framework; path = Library/Frameworks/XCTest.framework; sourceTree = DEVELOPER_DIR; };
		2178BB651933154100C06B84 /* CustomScrollViewContainerTests-Info.plist */ = {isa = PBXFileReference; lastKnownFileType = text.plist.xml; path = "CustomScrollViewContainerTests-Info.plist"; sourceTree = "<group>"; };
		2178BB671933154100C06B84 /* en */ = {isa = PBXFileReference; lastKnownFileType = text.plist.strings; name = en; path = en.lproj/InfoPlist.strings; sourceTree = "<group>"; };
		2178BB691933154100C06B84 /* CustomScrollViewContainerTests.m */ = {isa = PBXFileReference; lastKnownFileType = sourcecode.c.objc; path = CustomScrollViewContainerTests.m; sourceTree = "<group>"; };
		2178BB751933160100C06B84 /* rootViewController.h */ = {isa = PBXFileReference; fileEncoding = 4; lastKnownFileType = sourcecode.c.h; path = rootViewController.h; sourceTree = "<group>"; };
		2178BB761933160100C06B84 /* rootViewController.m */ = {isa = PBXFileReference; fileEncoding = 4; lastKnownFileType = sourcecode.c.objc; path = rootViewController.m; sourceTree = "<group>"; };
		2178BB781933166700C06B84 /* CustomScrollView.h */ = {isa = PBXFileReference; fileEncoding = 4; lastKnownFileType = sourcecode.c.h; path = CustomScrollView.h; sourceTree = "<group>"; };
		2178BB791933166700C06B84 /* CustomScrollView.m */ = {isa = PBXFileReference; fileEncoding = 4; lastKnownFileType = sourcecode.c.objc; path = CustomScrollView.m; sourceTree = "<group>"; };
		2178BB7B1933187300C06B84 /* CustomViewController.h */ = {isa = PBXFileReference; fileEncoding = 4; lastKnownFileType = sourcecode.c.h; path = CustomViewController.h; sourceTree = "<group>"; };
		2178BB7C1933187300C06B84 /* CustomViewController.m */ = {isa = PBXFileReference; fileEncoding = 4; lastKnownFileType = sourcecode.c.objc; path = CustomViewController.m; sourceTree = "<group>"; };
/* End PBXFileReference section */

/* Begin PBXFrameworksBuildPhase section */
		2178BB3E1933154100C06B84 /* Frameworks */ = {
			isa = PBXFrameworksBuildPhase;
			buildActionMask = 2147483647;
			files = (
				2178BB471933154100C06B84 /* CoreGraphics.framework in Frameworks */,
				2178BB491933154100C06B84 /* UIKit.framework in Frameworks */,
				2178BB451933154100C06B84 /* Foundation.framework in Frameworks */,
			);
			runOnlyForDeploymentPostprocessing = 0;
		};
		2178BB591933154100C06B84 /* Frameworks */ = {
			isa = PBXFrameworksBuildPhase;
			buildActionMask = 2147483647;
			files = (
				2178BB5E1933154100C06B84 /* XCTest.framework in Frameworks */,
				2178BB601933154100C06B84 /* UIKit.framework in Frameworks */,
				2178BB5F1933154100C06B84 /* Foundation.framework in Frameworks */,
			);
			runOnlyForDeploymentPostprocessing = 0;
		};
/* End PBXFrameworksBuildPhase section */

/* Begin PBXGroup section */
		2178BB381933154100C06B84 = {
			isa = PBXGroup;
			children = (
				2178BB4A1933154100C06B84 /* CustomScrollViewContainer */,
				2178BB631933154100C06B84 /* CustomScrollViewContainerTests */,
				2178BB431933154100C06B84 /* Frameworks */,
				2178BB421933154100C06B84 /* Products */,
			);
			sourceTree = "<group>";
		};
		2178BB421933154100C06B84 /* Products */ = {
			isa = PBXGroup;
			children = (
				2178BB411933154100C06B84 /* CustomScrollViewContainer.app */,
				2178BB5C1933154100C06B84 /* CustomScrollViewContainerTests.xctest */,
			);
			name = Products;
			sourceTree = "<group>";
		};
		2178BB431933154100C06B84 /* Frameworks */ = {
			isa = PBXGroup;
			children = (
				2178BB441933154100C06B84 /* Foundation.framework */,
				2178BB461933154100C06B84 /* CoreGraphics.framework */,
				2178BB481933154100C06B84 /* UIKit.framework */,
				2178BB5D1933154100C06B84 /* XCTest.framework */,
			);
			name = Frameworks;
			sourceTree = "<group>";
		};
		2178BB4A1933154100C06B84 /* CustomScrollViewContainer */ = {
			isa = PBXGroup;
			children = (
				2178BB531933154100C06B84 /* AppDelegate.h */,
				2178BB541933154100C06B84 /* AppDelegate.m */,
				2178BB561933154100C06B84 /* Images.xcassets */,
				2178BB4B1933154100C06B84 /* Supporting Files */,
				2178BB751933160100C06B84 /* rootViewController.h */,
				2178BB761933160100C06B84 /* rootViewController.m */,
				2178BB781933166700C06B84 /* CustomScrollView.h */,
				2178BB791933166700C06B84 /* CustomScrollView.m */,
				2178BB7B1933187300C06B84 /* CustomViewController.h */,
				2178BB7C1933187300C06B84 /* CustomViewController.m */,
			);
			path = CustomScrollViewContainer;
			sourceTree = "<group>";
		};
		2178BB4B1933154100C06B84 /* Supporting Files */ = {
			isa = PBXGroup;
			children = (
				2178BB4C1933154100C06B84 /* CustomScrollViewContainer-Info.plist */,
				2178BB4D1933154100C06B84 /* InfoPlist.strings */,
				2178BB501933154100C06B84 /* main.m */,
				2178BB521933154100C06B84 /* CustomScrollViewContainer-Prefix.pch */,
			);
			name = "Supporting Files";
			sourceTree = "<group>";
		};
		2178BB631933154100C06B84 /* CustomScrollViewContainerTests */ = {
			isa = PBXGroup;
			children = (
				2178BB691933154100C06B84 /* CustomScrollViewContainerTests.m */,
				2178BB641933154100C06B84 /* Supporting Files */,
			);
			path = CustomScrollViewContainerTests;
			sourceTree = "<group>";
		};
		2178BB641933154100C06B84 /* Supporting Files */ = {
			isa = PBXGroup;
			children = (
				2178BB651933154100C06B84 /* CustomScrollViewContainerTests-Info.plist */,
				2178BB661933154100C06B84 /* InfoPlist.strings */,
			);
			name = "Supporting Files";
			sourceTree = "<group>";
		};
/* End PBXGroup section */

/* Begin PBXNativeTarget section */
		2178BB401933154100C06B84 /* CustomScrollViewContainer */ = {
			isa = PBXNativeTarget;
			buildConfigurationList = 2178BB6D1933154100C06B84 /* Build configuration list for PBXNativeTarget "CustomScrollViewContainer" */;
			buildPhases = (
				2178BB3D1933154100C06B84 /* Sources */,
				2178BB3E1933154100C06B84 /* Frameworks */,
				2178BB3F1933154100C06B84 /* Resources */,
			);
			buildRules = (
			);
			dependencies = (
			);
			name = CustomScrollViewContainer;
			productName = CustomScrollViewContainer;
			productReference = 2178BB411933154100C06B84 /* CustomScrollViewContainer.app */;
			productType = "com.apple.product-type.application";
		};
		2178BB5B1933154100C06B84 /* CustomScrollViewContainerTests */ = {
			isa = PBXNativeTarget;
			buildConfigurationList = 2178BB701933154100C06B84 /* Build configuration list for PBXNativeTarget "CustomScrollViewContainerTests" */;
			buildPhases = (
				2178BB581933154100C06B84 /* Sources */,
				2178BB591933154100C06B84 /* Frameworks */,
				2178BB5A1933154100C06B84 /* Resources */,
			);
			buildRules = (
			);
			dependencies = (
				2178BB621933154100C06B84 /* PBXTargetDependency */,
			);
			name = CustomScrollViewContainerTests;
			productName = CustomScrollViewContainerTests;
			productReference = 2178BB5C1933154100C06B84 /* CustomScrollViewContainerTests.xctest */;
			productType = "com.apple.product-type.bundle.unit-test";
		};
/* End PBXNativeTarget section */

/* Begin PBXProject section */
		2178BB391933154100C06B84 /* Project object */ = {
			isa = PBXProject;
			attributes = {
				LastUpgradeCheck = 0510;
				ORGANIZATIONNAME = NjrSea;
				TargetAttributes = {
					2178BB5B1933154100C06B84 = {
						TestTargetID = 2178BB401933154100C06B84;
					};
				};
			};
			buildConfigurationList = 2178BB3C1933154100C06B84 /* Build configuration list for PBXProject "CustomScrollViewContainer" */;
			compatibilityVersion = "Xcode 3.2";
			developmentRegion = English;
			hasScannedForEncodings = 0;
			knownRegions = (
				en,
			);
			mainGroup = 2178BB381933154100C06B84;
			productRefGroup = 2178BB421933154100C06B84 /* Products */;
			projectDirPath = "";
			projectRoot = "";
			targets = (
				2178BB401933154100C06B84 /* CustomScrollViewContainer */,
				2178BB5B1933154100C06B84 /* CustomScrollViewContainerTests */,
			);
		};
/* End PBXProject section */

/* Begin PBXResourcesBuildPhase section */
		2178BB3F1933154100C06B84 /* Resources */ = {
			isa = PBXResourcesBuildPhase;
			buildActionMask = 2147483647;
			files = (
				2178BB4F1933154100C06B84 /* InfoPlist.strings in Resources */,
				2178BB571933154100C06B84 /* Images.xcassets in Resources */,
			);
			runOnlyForDeploymentPostprocessing = 0;
		};
		2178BB5A1933154100C06B84 /* Resources */ = {
			isa = PBXResourcesBuildPhase;
			buildActionMask = 2147483647;
			files = (
				2178BB681933154100C06B84 /* InfoPlist.strings in Resources */,
			);
			runOnlyForDeploymentPostprocessing = 0;
		};
/* End PBXResourcesBuildPhase section */

/* Begin PBXSourcesBuildPhase section */
		2178BB3D1933154100C06B84 /* Sources */ = {
			isa = PBXSourcesBuildPhase;
			buildActionMask = 2147483647;
			files = (
				2178BB551933154100C06B84 /* AppDelegate.m in Sources */,
				2178BB7D1933187300C06B84 /* CustomViewController.m in Sources */,
				2178BB771933160100C06B84 /* rootViewController.m in Sources */,
				2178BB7A1933166700C06B84 /* CustomScrollView.m in Sources */,
				2178BB511933154100C06B84 /* main.m in Sources */,
			);
			runOnlyForDeploymentPostprocessing = 0;
		};
		2178BB581933154100C06B84 /* Sources */ = {
			isa = PBXSourcesBuildPhase;
			buildActionMask = 2147483647;
			files = (
				2178BB6A1933154100C06B84 /* CustomScrollViewContainerTests.m in Sources */,
			);
			runOnlyForDeploymentPostprocessing = 0;
		};
/* End PBXSourcesBuildPhase section */

/* Begin PBXTargetDependency section */
		2178BB621933154100C06B84 /* PBXTargetDependency */ = {
			isa = PBXTargetDependency;
			target = 2178BB401933154100C06B84 /* CustomScrollViewContainer */;
			targetProxy = 2178BB611933154100C06B84 /* PBXContainerItemProxy */;
		};
/* End PBXTargetDependency section */

/* Begin PBXVariantGroup section */
		2178BB4D1933154100C06B84 /* InfoPlist.strings */ = {
			isa = PBXVariantGroup;
			children = (
				2178BB4E1933154100C06B84 /* en */,
			);
			name = InfoPlist.strings;
			sourceTree = "<group>";
		};
		2178BB661933154100C06B84 /* InfoPlist.strings */ = {
			isa = PBXVariantGroup;
			children = (
				2178BB671933154100C06B84 /* en */,
			);
			name = InfoPlist.strings;
			sourceTree = "<group>";
		};
/* End PBXVariantGroup section */

/* Begin XCBuildConfiguration section */
		2178BB6B1933154100C06B84 /* Debug */ = {
			isa = XCBuildConfiguration;
			buildSettings = {
				ALWAYS_SEARCH_USER_PATHS = NO;
				CLANG_CXX_LANGUAGE_STANDARD = "gnu++0x";
				CLANG_CXX_LIBRARY = "libc++";
				CLANG_ENABLE_MODULES = YES;
				CLANG_ENABLE_OBJC_ARC = YES;
				CLANG_WARN_BOOL_CONVERSION = YES;
				CLANG_WARN_CONSTANT_CONVERSION = YES;
				CLANG_WARN_DIRECT_OBJC_ISA_USAGE = YES_ERROR;
				CLANG_WARN_EMPTY_BODY = YES;
				CLANG_WARN_ENUM_CONVERSION = YES;
				CLANG_WARN_INT_CONVERSION = YES;
				CLANG_WARN_OBJC_ROOT_CLASS = YES_ERROR;
				CLANG_WARN__DUPLICATE_METHOD_MATCH = YES;
				"CODE_SIGN_IDENTITY[sdk=iphoneos*]" = "iPhone Developer";
				COPY_PHASE_STRIP = NO;
				GCC_C_LANGUAGE_STANDARD = gnu99;
				GCC_DYNAMIC_NO_PIC = NO;
				GCC_OPTIMIZATION_LEVEL = 0;
				GCC_PREPROCESSOR_DEFINITIONS = (
					"DEBUG=1",
					"$(inherited)",
				);
				GCC_SYMBOLS_PRIVATE_EXTERN = NO;
				GCC_WARN_64_TO_32_BIT_CONVERSION = YES;
				GCC_WARN_ABOUT_RETURN_TYPE = YES_ERROR;
				GCC_WARN_UNDECLARED_SELECTOR = YES;
				GCC_WARN_UNINITIALIZED_AUTOS = YES_AGGRESSIVE;
				GCC_WARN_UNUSED_FUNCTION = YES;
				GCC_WARN_UNUSED_VARIABLE = YES;
				IPHONEOS_DEPLOYMENT_TARGET = 7.1;
				ONLY_ACTIVE_ARCH = YES;
				SDKROOT = iphoneos;
			};
			name = Debug;
		};
		2178BB6C1933154100C06B84 /* Release */ = {
			isa = XCBuildConfiguration;
			buildSettings = {
				ALWAYS_SEARCH_USER_PATHS = NO;
				CLANG_CXX_LANGUAGE_STANDARD = "gnu++0x";
				CLANG_CXX_LIBRARY = "libc++";
				CLANG_ENABLE_MODULES = YES;
				CLANG_ENABLE_OBJC_ARC = YES;
				CLANG_WARN_BOOL_CONVERSION = YES;
				CLANG_WARN_CONSTANT_CONVERSION = YES;
				CLANG_WARN_DIRECT_OBJC_ISA_USAGE = YES_ERROR;
				CLANG_WARN_EMPTY_BODY = YES;
				CLANG_WARN_ENUM_CONVERSION = YES;
				CLANG_WARN_INT_CONVERSION = YES;
				CLANG_WARN_OBJC_ROOT_CLASS = YES_ERROR;
				CLANG_WARN__DUPLICATE_METHOD_MATCH = YES;
				"CODE_SIGN_IDENTITY[sdk=iphoneos*]" = "iPhone Developer";
				COPY_PHASE_STRIP = YES;
				ENABLE_NS_ASSERTIONS = NO;
				GCC_C_LANGUAGE_STANDARD = gnu99;
				GCC_WARN_64_TO_32_BIT_CONVERSION = YES;
				GCC_WARN_ABOUT_RETURN_TYPE = YES_ERROR;
				GCC_WARN_UNDECLARED_SELECTOR = YES;
				GCC_WARN_UNINITIALIZED_AUTOS = YES_AGGRESSIVE;
				GCC_WARN_UNUSED_FUNCTION = YES;
				GCC_WARN_UNUSED_VARIABLE = YES;
				IPHONEOS_DEPLOYMENT_TARGET = 7.1;
				SDKROOT = iphoneos;
				VALIDATE_PRODUCT = YES;
			};
			name = Release;
		};
		2178BB6E1933154100C06B84 /* Debug */ = {
			isa = XCBuildConfiguration;
			buildSettings = {
				ASSETCATALOG_COMPILER_APPICON_NAME = AppIcon;
				ASSETCATALOG_COMPILER_LAUNCHIMAGE_NAME = LaunchImage;
				GCC_PRECOMPILE_PREFIX_HEADER = YES;
				GCC_PREFIX_HEADER = "CustomScrollViewContainer/CustomScrollViewContainer-Prefix.pch";
				INFOPLIST_FILE = "CustomScrollViewContainer/CustomScrollViewContainer-Info.plist";
				PRODUCT_NAME = "$(TARGET_NAME)";
				WRAPPER_EXTENSION = app;
			};
			name = Debug;
		};
		2178BB6F1933154100C06B84 /* Release */ = {
			isa = XCBuildConfiguration;
			buildSettings = {
				ASSETCATALOG_COMPILER_APPICON_NAME = AppIcon;
				ASSETCATALOG_COMPILER_LAUNCHIMAGE_NAME = LaunchImage;
				GCC_PRECOMPILE_PREFIX_HEADER = YES;
				GCC_PREFIX_HEADER = "CustomScrollViewContainer/CustomScrollViewContainer-Prefix.pch";
				INFOPLIST_FILE = "CustomScrollViewContainer/CustomScrollViewContainer-Info.plist";
				PRODUCT_NAME = "$(TARGET_NAME)";
				WRAPPER_EXTENSION = app;
			};
			name = Release;
		};
		2178BB711933154100C06B84 /* Debug */ = {
			isa = XCBuildConfiguration;
			buildSettings = {
				BUNDLE_LOADER = "$(BUILT_PRODUCTS_DIR)/CustomScrollViewContainer.app/CustomScrollViewContainer";
				FRAMEWORK_SEARCH_PATHS = (
					"$(SDKROOT)/Developer/Library/Frameworks",
					"$(inherited)",
					"$(DEVELOPER_FRAMEWORKS_DIR)",
				);
				GCC_PRECOMPILE_PREFIX_HEADER = YES;
				GCC_PREFIX_HEADER = "CustomScrollViewContainer/CustomScrollViewContainer-Prefix.pch";
				GCC_PREPROCESSOR_DEFINITIONS = (
					"DEBUG=1",
					"$(inherited)",
				);
				INFOPLIST_FILE = "CustomScrollViewContainerTests/CustomScrollViewContainerTests-Info.plist";
				PRODUCT_NAME = "$(TARGET_NAME)";
				TEST_HOST = "$(BUNDLE_LOADER)";
				WRAPPER_EXTENSION = xctest;
			};
			name = Debug;
		};
		2178BB721933154100C06B84 /* Release */ = {
			isa = XCBuildConfiguration;
			buildSettings = {
				BUNDLE_LOADER = "$(BUILT_PRODUCTS_DIR)/CustomScrollViewContainer.app/CustomScrollViewContainer";
				FRAMEWORK_SEARCH_PATHS = (
					"$(SDKROOT)/Developer/Library/Frameworks",
					"$(inherited)",
					"$(DEVELOPER_FRAMEWORKS_DIR)",
				);
				GCC_PRECOMPILE_PREFIX_HEADER = YES;
				GCC_PREFIX_HEADER = "CustomScrollViewContainer/CustomScrollViewContainer-Prefix.pch";
				INFOPLIST_FILE = "CustomScrollViewContainerTests/CustomScrollViewContainerTests-Info.plist";
				PRODUCT_NAME = "$(TARGET_NAME)";
				TEST_HOST = "$(BUNDLE_LOADER)";
				WRAPPER_EXTENSION = xctest;
			};
			name = Release;
		};
/* End XCBuildConfiguration section */

/* Begin XCConfigurationList section */
		2178BB3C1933154100C06B84 /* Build configuration list for PBXProject "CustomScrollViewContainer" */ = {
			isa = XCConfigurationList;
			buildConfigurations = (
				2178BB6B1933154100C06B84 /* Debug */,
				2178BB6C1933154100C06B84 /* Release */,
			);
			defaultConfigurationIsVisible = 0;
			defaultConfigurationName = Release;
		};
		2178BB6D1933154100C06B84 /* Build configuration list for PBXNativeTarget "CustomScrollViewContainer" */ = {
			isa = XCConfigurationList;
			buildConfigurations = (
				2178BB6E1933154100C06B84 /* Debug */,
				2178BB6F1933154100C06B84 /* Release */,
			);
			defaultConfigurationIsVisible = 0;
			defaultConfigurationName = Release;
		};
		2178BB701933154100C06B84 /* Build configuration list for PBXNativeTarget "CustomScrollViewContainerTests" */ = {
			isa = XCConfigurationList;
			buildConfigurations = (
				2178BB711933154100C06B84 /* Debug */,
				2178BB721933154100C06B84 /* Release */,
			);
			defaultConfigurationIsVisible = 0;
			defaultConfigurationName = Release;
		};
/* End XCConfigurationList section */
	};
	rootObject = 2178BB391933154100C06B84 /* Project object */;
}
